// !$*UTF8*$!
{
	archiveVersion = 1;
	classes = {
	};
	objectVersion = 56;
	objects = {

/* Begin PBXBuildFile section */
		882B35D92BFADCAD00CD36FD /* connectSwiftApp.swift in Sources */ = {isa = PBXBuildFile; fileRef = 882B35D82BFADCAD00CD36FD /* connectSwiftApp.swift */; };
		882B35DB2BFADCAD00CD36FD /* ContentView.swift in Sources */ = {isa = PBXBuildFile; fileRef = 882B35DA2BFADCAD00CD36FD /* ContentView.swift */; };
		882B35DD2BFADCAF00CD36FD /* Assets.xcassets in Resources */ = {isa = PBXBuildFile; fileRef = 882B35DC2BFADCAF00CD36FD /* Assets.xcassets */; };
		882B35E12BFADCAF00CD36FD /* Preview Assets.xcassets in Resources */ = {isa = PBXBuildFile; fileRef = 882B35E02BFADCAF00CD36FD /* Preview Assets.xcassets */; };
		882B36052BFAE0FC00CD36FD /* ConnectSdkView.swift in Sources */ = {isa = PBXBuildFile; fileRef = 882B36042BFAE0FC00CD36FD /* ConnectSdkView.swift */; };
		8853D5062BFC2B18000BC8CA /* BluetoothBle.swift in Sources */ = {isa = PBXBuildFile; fileRef = 8853D5052BFC2B18000BC8CA /* BluetoothBle.swift */; };
		8853D50C2BFC3EB8000BC8CA /* BluetoothManager.swift in Sources */ = {isa = PBXBuildFile; fileRef = 8853D50B2BFC3EB8000BC8CA /* BluetoothManager.swift */; };
		88CFCE192BFD94A700FAA10E /* BluetoothHid.swift in Sources */ = {isa = PBXBuildFile; fileRef = 88CFCE182BFD94A700FAA10E /* BluetoothHid.swift */; };
		88CFCE1C2BFDBC8D00FAA10E /* BluetoothHIDManager.swift in Sources */ = {isa = PBXBuildFile; fileRef = 88CFCE1B2BFDBC8D00FAA10E /* BluetoothHIDManager.swift */; };
/* End PBXBuildFile section */

/* Begin PBXContainerItemProxy section */
		882B35E72BFADCB000CD36FD /* PBXContainerItemProxy */ = {
			isa = PBXContainerItemProxy;
			containerPortal = 882B35CD2BFADCAD00CD36FD /* Project object */;
			proxyType = 1;
			remoteGlobalIDString = 882B35D42BFADCAD00CD36FD;
			remoteInfo = connectSwift;
		};
		882B35F12BFADCB000CD36FD /* PBXContainerItemProxy */ = {
			isa = PBXContainerItemProxy;
			containerPortal = 882B35CD2BFADCAD00CD36FD /* Project object */;
			proxyType = 1;
			remoteGlobalIDString = 882B35D42BFADCAD00CD36FD;
			remoteInfo = connectSwift;
		};
/* End PBXContainerItemProxy section */

/* Begin PBXFileReference section */
		882B35D52BFADCAD00CD36FD /* connectSwift.app */ = {isa = PBXFileReference; explicitFileType = wrapper.application; includeInIndex = 0; path = connectSwift.app; sourceTree = BUILT_PRODUCTS_DIR; };
		882B35D82BFADCAD00CD36FD /* connectSwiftApp.swift */ = {isa = PBXFileReference; lastKnownFileType = sourcecode.swift; path = connectSwiftApp.swift; sourceTree = "<group>"; };
		882B35DA2BFADCAD00CD36FD /* ContentView.swift */ = {isa = PBXFileReference; lastKnownFileType = sourcecode.swift; path = ContentView.swift; sourceTree = "<group>"; };
		882B35DC2BFADCAF00CD36FD /* Assets.xcassets */ = {isa = PBXFileReference; lastKnownFileType = folder.assetcatalog; path = Assets.xcassets; sourceTree = "<group>"; };
		882B35DE2BFADCAF00CD36FD /* connectSwift.entitlements */ = {isa = PBXFileReference; lastKnownFileType = text.plist.entitlements; path = connectSwift.entitlements; sourceTree = "<group>"; };
		882B35E02BFADCAF00CD36FD /* Preview Assets.xcassets */ = {isa = PBXFileReference; lastKnownFileType = folder.assetcatalog; path = "Preview Assets.xcassets"; sourceTree = "<group>"; };
		882B35E62BFADCB000CD36FD /* connectSwiftTests.xctest */ = {isa = PBXFileReference; explicitFileType = wrapper.cfbundle; includeInIndex = 0; path = connectSwiftTests.xctest; sourceTree = BUILT_PRODUCTS_DIR; };
		882B35F02BFADCB000CD36FD /* connectSwiftUITests.xctest */ = {isa = PBXFileReference; explicitFileType = wrapper.cfbundle; includeInIndex = 0; path = connectSwiftUITests.xctest; sourceTree = BUILT_PRODUCTS_DIR; };
		882B36042BFAE0FC00CD36FD /* ConnectSdkView.swift */ = {isa = PBXFileReference; lastKnownFileType = sourcecode.swift; path = ConnectSdkView.swift; sourceTree = "<group>"; };
		8853D5052BFC2B18000BC8CA /* BluetoothBle.swift */ = {isa = PBXFileReference; lastKnownFileType = sourcecode.swift; path = BluetoothBle.swift; sourceTree = "<group>"; };
		8853D50B2BFC3EB8000BC8CA /* BluetoothManager.swift */ = {isa = PBXFileReference; lastKnownFileType = sourcecode.swift; path = BluetoothManager.swift; sourceTree = "<group>"; };
		88CFCE182BFD94A700FAA10E /* BluetoothHid.swift */ = {isa = PBXFileReference; lastKnownFileType = sourcecode.swift; path = BluetoothHid.swift; sourceTree = "<group>"; };
		88CFCE1A2BFDB27600FAA10E /* Info.plist */ = {isa = PBXFileReference; lastKnownFileType = text.plist; path = Info.plist; sourceTree = "<group>"; };
		88CFCE1B2BFDBC8D00FAA10E /* BluetoothHIDManager.swift */ = {isa = PBXFileReference; lastKnownFileType = sourcecode.swift; path = BluetoothHIDManager.swift; sourceTree = "<group>"; };
/* End PBXFileReference section */

/* Begin PBXFrameworksBuildPhase section */
		882B35D22BFADCAD00CD36FD /* Frameworks */ = {
			isa = PBXFrameworksBuildPhase;
			buildActionMask = 2147483647;
			files = (
			);
			runOnlyForDeploymentPostprocessing = 0;
		};
		882B35E32BFADCB000CD36FD /* Frameworks */ = {
			isa = PBXFrameworksBuildPhase;
			buildActionMask = 2147483647;
			files = (
			);
			runOnlyForDeploymentPostprocessing = 0;
		};
		882B35ED2BFADCB000CD36FD /* Frameworks */ = {
			isa = PBXFrameworksBuildPhase;
			buildActionMask = 2147483647;
			files = (
			);
			runOnlyForDeploymentPostprocessing = 0;
		};
/* End PBXFrameworksBuildPhase section */

/* Begin PBXGroup section */
		882B35CC2BFADCAD00CD36FD = {
			isa = PBXGroup;
			children = (
				882B35D72BFADCAD00CD36FD /* connectSwift */,
				882B35D62BFADCAD00CD36FD /* Products */,
			);
			sourceTree = "<group>";
		};
		882B35D62BFADCAD00CD36FD /* Products */ = {
			isa = PBXGroup;
			children = (
				882B35D52BFADCAD00CD36FD /* connectSwift.app */,
				882B35E62BFADCB000CD36FD /* connectSwiftTests.xctest */,
				882B35F02BFADCB000CD36FD /* connectSwiftUITests.xctest */,
			);
			name = Products;
			sourceTree = "<group>";
		};
		882B35D72BFADCAD00CD36FD /* connectSwift */ = {
			isa = PBXGroup;
			children = (
				88CFCE1A2BFDB27600FAA10E /* Info.plist */,
				8853D50A2BFC3BFF000BC8CA /* Bluetooth */,
				882B36032BFAE0DE00CD36FD /* Component */,
				882B35D82BFADCAD00CD36FD /* connectSwiftApp.swift */,
				882B35DA2BFADCAD00CD36FD /* ContentView.swift */,
				882B35DC2BFADCAF00CD36FD /* Assets.xcassets */,
				882B35DE2BFADCAF00CD36FD /* connectSwift.entitlements */,
				882B35DF2BFADCAF00CD36FD /* Preview Content */,
			);
			path = connectSwift;
			sourceTree = "<group>";
		};
		882B35DF2BFADCAF00CD36FD /* Preview Content */ = {
			isa = PBXGroup;
			children = (
				882B35E02BFADCAF00CD36FD /* Preview Assets.xcassets */,
			);
			path = "Preview Content";
			sourceTree = "<group>";
		};
		882B36032BFAE0DE00CD36FD /* Component */ = {
			isa = PBXGroup;
			children = (
				882B36042BFAE0FC00CD36FD /* ConnectSdkView.swift */,
				8853D5052BFC2B18000BC8CA /* BluetoothBle.swift */,
				88CFCE182BFD94A700FAA10E /* BluetoothHid.swift */,
			);
			path = Component;
			sourceTree = "<group>";
		};
		8853D50A2BFC3BFF000BC8CA /* Bluetooth */ = {
			isa = PBXGroup;
			children = (
				8853D50B2BFC3EB8000BC8CA /* BluetoothManager.swift */,
				88CFCE1B2BFDBC8D00FAA10E /* BluetoothHIDManager.swift */,
			);
			path = Bluetooth;
			sourceTree = "<group>";
		};
/* End PBXGroup section */

/* Begin PBXNativeTarget section */
		882B35D42BFADCAD00CD36FD /* connectSwift */ = {
			isa = PBXNativeTarget;
			buildConfigurationList = 882B35FA2BFADCB000CD36FD /* Build configuration list for PBXNativeTarget "connectSwift" */;
			buildPhases = (
				882B35D12BFADCAD00CD36FD /* Sources */,
				882B35D22BFADCAD00CD36FD /* Frameworks */,
				882B35D32BFADCAD00CD36FD /* Resources */,
			);
			buildRules = (
			);
			dependencies = (
			);
			name = connectSwift;
			productName = connectSwift;
			productReference = 882B35D52BFADCAD00CD36FD /* connectSwift.app */;
			productType = "com.apple.product-type.application";
		};
		882B35E52BFADCB000CD36FD /* connectSwiftTests */ = {
			isa = PBXNativeTarget;
			buildConfigurationList = 882B35FD2BFADCB000CD36FD /* Build configuration list for PBXNativeTarget "connectSwiftTests" */;
			buildPhases = (
				882B35E22BFADCB000CD36FD /* Sources */,
				882B35E32BFADCB000CD36FD /* Frameworks */,
				882B35E42BFADCB000CD36FD /* Resources */,
			);
			buildRules = (
			);
			dependencies = (
				882B35E82BFADCB000CD36FD /* PBXTargetDependency */,
			);
			name = connectSwiftTests;
			productName = connectSwiftTests;
			productReference = 882B35E62BFADCB000CD36FD /* connectSwiftTests.xctest */;
			productType = "com.apple.product-type.bundle.unit-test";
		};
		882B35EF2BFADCB000CD36FD /* connectSwiftUITests */ = {
			isa = PBXNativeTarget;
			buildConfigurationList = 882B36002BFADCB000CD36FD /* Build configuration list for PBXNativeTarget "connectSwiftUITests" */;
			buildPhases = (
				882B35EC2BFADCB000CD36FD /* Sources */,
				882B35ED2BFADCB000CD36FD /* Frameworks */,
				882B35EE2BFADCB000CD36FD /* Resources */,
			);
			buildRules = (
			);
			dependencies = (
				882B35F22BFADCB000CD36FD /* PBXTargetDependency */,
			);
			name = connectSwiftUITests;
			productName = connectSwiftUITests;
			productReference = 882B35F02BFADCB000CD36FD /* connectSwiftUITests.xctest */;
			productType = "com.apple.product-type.bundle.ui-testing";
		};
/* End PBXNativeTarget section */

/* Begin PBXProject section */
		882B35CD2BFADCAD00CD36FD /* Project object */ = {
			isa = PBXProject;
			attributes = {
				BuildIndependentTargetsInParallel = 1;
				LastSwiftUpdateCheck = 1530;
				LastUpgradeCheck = 1530;
				TargetAttributes = {
					882B35D42BFADCAD00CD36FD = {
						CreatedOnToolsVersion = 15.3;
					};
					882B35E52BFADCB000CD36FD = {
						CreatedOnToolsVersion = 15.3;
						TestTargetID = 882B35D42BFADCAD00CD36FD;
					};
					882B35EF2BFADCB000CD36FD = {
						CreatedOnToolsVersion = 15.3;
						TestTargetID = 882B35D42BFADCAD00CD36FD;
					};
				};
			};
			buildConfigurationList = 882B35D02BFADCAD00CD36FD /* Build configuration list for PBXProject "connectSwift" */;
			compatibilityVersion = "Xcode 14.0";
			developmentRegion = en;
			hasScannedForEncodings = 0;
			knownRegions = (
				en,
				Base,
			);
			mainGroup = 882B35CC2BFADCAD00CD36FD;
			productRefGroup = 882B35D62BFADCAD00CD36FD /* Products */;
			projectDirPath = "";
			projectRoot = "";
			targets = (
				882B35D42BFADCAD00CD36FD /* connectSwift */,
				882B35E52BFADCB000CD36FD /* connectSwiftTests */,
				882B35EF2BFADCB000CD36FD /* connectSwiftUITests */,
			);
		};
/* End PBXProject section */

/* Begin PBXResourcesBuildPhase section */
		882B35D32BFADCAD00CD36FD /* Resources */ = {
			isa = PBXResourcesBuildPhase;
			buildActionMask = 2147483647;
			files = (
				882B35E12BFADCAF00CD36FD /* Preview Assets.xcassets in Resources */,
				882B35DD2BFADCAF00CD36FD /* Assets.xcassets in Resources */,
			);
			runOnlyForDeploymentPostprocessing = 0;
		};
		882B35E42BFADCB000CD36FD /* Resources */ = {
			isa = PBXResourcesBuildPhase;
			buildActionMask = 2147483647;
			files = (
			);
			runOnlyForDeploymentPostprocessing = 0;
		};
		882B35EE2BFADCB000CD36FD /* Resources */ = {
			isa = PBXResourcesBuildPhase;
			buildActionMask = 2147483647;
			files = (
			);
			runOnlyForDeploymentPostprocessing = 0;
		};
/* End PBXResourcesBuildPhase section */

/* Begin PBXSourcesBuildPhase section */
		882B35D12BFADCAD00CD36FD /* Sources */ = {
			isa = PBXSourcesBuildPhase;
			buildActionMask = 2147483647;
			files = (
				8853D50C2BFC3EB8000BC8CA /* BluetoothManager.swift in Sources */,
				88CFCE1C2BFDBC8D00FAA10E /* BluetoothHIDManager.swift in Sources */,
				8853D5062BFC2B18000BC8CA /* BluetoothBle.swift in Sources */,
				882B36052BFAE0FC00CD36FD /* ConnectSdkView.swift in Sources */,
				882B35DB2BFADCAD00CD36FD /* ContentView.swift in Sources */,
				88CFCE192BFD94A700FAA10E /* BluetoothHid.swift in Sources */,
				882B35D92BFADCAD00CD36FD /* connectSwiftApp.swift in Sources */,
			);
			runOnlyForDeploymentPostprocessing = 0;
		};
		882B35E22BFADCB000CD36FD /* Sources */ = {
			isa = PBXSourcesBuildPhase;
			buildActionMask = 2147483647;
			files = (
			);
			runOnlyForDeploymentPostprocessing = 0;
		};
		882B35EC2BFADCB000CD36FD /* Sources */ = {
			isa = PBXSourcesBuildPhase;
			buildActionMask = 2147483647;
			files = (
			);
			runOnlyForDeploymentPostprocessing = 0;
		};
/* End PBXSourcesBuildPhase section */

/* Begin PBXTargetDependency section */
		882B35E82BFADCB000CD36FD /* PBXTargetDependency */ = {
			isa = PBXTargetDependency;
			target = 882B35D42BFADCAD00CD36FD /* connectSwift */;
			targetProxy = 882B35E72BFADCB000CD36FD /* PBXContainerItemProxy */;
		};
		882B35F22BFADCB000CD36FD /* PBXTargetDependency */ = {
			isa = PBXTargetDependency;
			target = 882B35D42BFADCAD00CD36FD /* connectSwift */;
			targetProxy = 882B35F12BFADCB000CD36FD /* PBXContainerItemProxy */;
		};
/* End PBXTargetDependency section */

/* Begin XCBuildConfiguration section */
		882B35F82BFADCB000CD36FD /* Debug */ = {
			isa = XCBuildConfiguration;
			buildSettings = {
				ALWAYS_SEARCH_USER_PATHS = NO;
				ASSETCATALOG_COMPILER_GENERATE_SWIFT_ASSET_SYMBOL_EXTENSIONS = YES;
				CLANG_ANALYZER_NONNULL = YES;
				CLANG_ANALYZER_NUMBER_OBJECT_CONVERSION = YES_AGGRESSIVE;
				CLANG_CXX_LANGUAGE_STANDARD = "gnu++20";
				CLANG_ENABLE_MODULES = YES;
				CLANG_ENABLE_OBJC_ARC = YES;
				CLANG_ENABLE_OBJC_WEAK = YES;
				CLANG_WARN_BLOCK_CAPTURE_AUTORELEASING = YES;
				CLANG_WARN_BOOL_CONVERSION = YES;
				CLANG_WARN_COMMA = YES;
				CLANG_WARN_CONSTANT_CONVERSION = YES;
				CLANG_WARN_DEPRECATED_OBJC_IMPLEMENTATIONS = YES;
				CLANG_WARN_DIRECT_OBJC_ISA_USAGE = YES_ERROR;
				CLANG_WARN_DOCUMENTATION_COMMENTS = YES;
				CLANG_WARN_EMPTY_BODY = YES;
				CLANG_WARN_ENUM_CONVERSION = YES;
				CLANG_WARN_INFINITE_RECURSION = YES;
				CLANG_WARN_INT_CONVERSION = YES;
				CLANG_WARN_NON_LITERAL_NULL_CONVERSION = YES;
				CLANG_WARN_OBJC_IMPLICIT_RETAIN_SELF = YES;
				CLANG_WARN_OBJC_LITERAL_CONVERSION = YES;
				CLANG_WARN_OBJC_ROOT_CLASS = YES_ERROR;
				CLANG_WARN_QUOTED_INCLUDE_IN_FRAMEWORK_HEADER = YES;
				CLANG_WARN_RANGE_LOOP_ANALYSIS = YES;
				CLANG_WARN_STRICT_PROTOTYPES = YES;
				CLANG_WARN_SUSPICIOUS_MOVE = YES;
				CLANG_WARN_UNGUARDED_AVAILABILITY = YES_AGGRESSIVE;
				CLANG_WARN_UNREACHABLE_CODE = YES;
				CLANG_WARN__DUPLICATE_METHOD_MATCH = YES;
				COPY_PHASE_STRIP = NO;
				DEBUG_INFORMATION_FORMAT = dwarf;
				ENABLE_STRICT_OBJC_MSGSEND = YES;
				ENABLE_TESTABILITY = YES;
				ENABLE_USER_SCRIPT_SANDBOXING = YES;
				GCC_C_LANGUAGE_STANDARD = gnu17;
				GCC_DYNAMIC_NO_PIC = NO;
				GCC_NO_COMMON_BLOCKS = YES;
				GCC_OPTIMIZATION_LEVEL = 0;
				GCC_PREPROCESSOR_DEFINITIONS = (
					"DEBUG=1",
					"$(inherited)",
				);
				GCC_WARN_64_TO_32_BIT_CONVERSION = YES;
				GCC_WARN_ABOUT_RETURN_TYPE = YES_ERROR;
				GCC_WARN_UNDECLARED_SELECTOR = YES;
				GCC_WARN_UNINITIALIZED_AUTOS = YES_AGGRESSIVE;
				GCC_WARN_UNUSED_FUNCTION = YES;
				GCC_WARN_UNUSED_VARIABLE = YES;
				IPHONEOS_DEPLOYMENT_TARGET = 16.6;
				LOCALIZATION_PREFERS_STRING_CATALOGS = YES;
				MTL_ENABLE_DEBUG_INFO = INCLUDE_SOURCE;
				MTL_FAST_MATH = YES;
				ONLY_ACTIVE_ARCH = YES;
				SWIFT_ACTIVE_COMPILATION_CONDITIONS = "DEBUG $(inherited)";
				SWIFT_OPTIMIZATION_LEVEL = "-Onone";
			};
			name = Debug;
		};
		882B35F92BFADCB000CD36FD /* Release */ = {
			isa = XCBuildConfiguration;
			buildSettings = {
				ALWAYS_SEARCH_USER_PATHS = NO;
				ASSETCATALOG_COMPILER_GENERATE_SWIFT_ASSET_SYMBOL_EXTENSIONS = YES;
				CLANG_ANALYZER_NONNULL = YES;
				CLANG_ANALYZER_NUMBER_OBJECT_CONVERSION = YES_AGGRESSIVE;
				CLANG_CXX_LANGUAGE_STANDARD = "gnu++20";
				CLANG_ENABLE_MODULES = YES;
				CLANG_ENABLE_OBJC_ARC = YES;
				CLANG_ENABLE_OBJC_WEAK = YES;
				CLANG_WARN_BLOCK_CAPTURE_AUTORELEASING = YES;
				CLANG_WARN_BOOL_CONVERSION = YES;
				CLANG_WARN_COMMA = YES;
				CLANG_WARN_CONSTANT_CONVERSION = YES;
				CLANG_WARN_DEPRECATED_OBJC_IMPLEMENTATIONS = YES;
				CLANG_WARN_DIRECT_OBJC_ISA_USAGE = YES_ERROR;
				CLANG_WARN_DOCUMENTATION_COMMENTS = YES;
				CLANG_WARN_EMPTY_BODY = YES;
				CLANG_WARN_ENUM_CONVERSION = YES;
				CLANG_WARN_INFINITE_RECURSION = YES;
				CLANG_WARN_INT_CONVERSION = YES;
				CLANG_WARN_NON_LITERAL_NULL_CONVERSION = YES;
				CLANG_WARN_OBJC_IMPLICIT_RETAIN_SELF = YES;
				CLANG_WARN_OBJC_LITERAL_CONVERSION = YES;
				CLANG_WARN_OBJC_ROOT_CLASS = YES_ERROR;
				CLANG_WARN_QUOTED_INCLUDE_IN_FRAMEWORK_HEADER = YES;
				CLANG_WARN_RANGE_LOOP_ANALYSIS = YES;
				CLANG_WARN_STRICT_PROTOTYPES = YES;
				CLANG_WARN_SUSPICIOUS_MOVE = YES;
				CLANG_WARN_UNGUARDED_AVAILABILITY = YES_AGGRESSIVE;
				CLANG_WARN_UNREACHABLE_CODE = YES;
				CLANG_WARN__DUPLICATE_METHOD_MATCH = YES;
				COPY_PHASE_STRIP = NO;
				DEBUG_INFORMATION_FORMAT = "dwarf-with-dsym";
				ENABLE_NS_ASSERTIONS = NO;
				ENABLE_STRICT_OBJC_MSGSEND = YES;
				ENABLE_USER_SCRIPT_SANDBOXING = YES;
				GCC_C_LANGUAGE_STANDARD = gnu17;
				GCC_NO_COMMON_BLOCKS = YES;
				GCC_WARN_64_TO_32_BIT_CONVERSION = YES;
				GCC_WARN_ABOUT_RETURN_TYPE = YES_ERROR;
				GCC_WARN_UNDECLARED_SELECTOR = YES;
				GCC_WARN_UNINITIALIZED_AUTOS = YES_AGGRESSIVE;
				GCC_WARN_UNUSED_FUNCTION = YES;
				GCC_WARN_UNUSED_VARIABLE = YES;
				IPHONEOS_DEPLOYMENT_TARGET = 16.6;
				LOCALIZATION_PREFERS_STRING_CATALOGS = YES;
				MTL_ENABLE_DEBUG_INFO = NO;
				MTL_FAST_MATH = YES;
				SWIFT_COMPILATION_MODE = wholemodule;
			};
			name = Release;
		};
		882B35FB2BFADCB000CD36FD /* Debug */ = {
			isa = XCBuildConfiguration;
			buildSettings = {
				ASSETCATALOG_COMPILER_APPICON_NAME = AppIcon;
				ASSETCATALOG_COMPILER_GLOBAL_ACCENT_COLOR_NAME = AccentColor;
				CODE_SIGN_ENTITLEMENTS = connectSwift/connectSwift.entitlements;
				CODE_SIGN_STYLE = Automatic;
				CURRENT_PROJECT_VERSION = 1;
				DEVELOPMENT_ASSET_PATHS = "\"connectSwift/Preview Content\"";
				DEVELOPMENT_TEAM = T467LT4G8H;
				ENABLE_PREVIEWS = YES;
				GENERATE_INFOPLIST_FILE = YES;
				INFOPLIST_FILE = connectSwift/Info.plist;
				INFOPLIST_KEY_CFBundleDisplayName = "";
				INFOPLIST_KEY_LSApplicationCategoryType = "";
				INFOPLIST_KEY_NSBluetoothAlwaysUsageDescription = "";
				INFOPLIST_KEY_NSBluetoothPeripheralUsageDescription = "";
				INFOPLIST_KEY_NSHumanReadableCopyright = "";
				"INFOPLIST_KEY_UIApplicationSceneManifest_Generation[sdk=iphoneos*]" = YES;
				"INFOPLIST_KEY_UIApplicationSceneManifest_Generation[sdk=iphonesimulator*]" = YES;
				"INFOPLIST_KEY_UIApplicationSupportsIndirectInputEvents[sdk=iphoneos*]" = YES;
				"INFOPLIST_KEY_UIApplicationSupportsIndirectInputEvents[sdk=iphonesimulator*]" = YES;
				"INFOPLIST_KEY_UILaunchScreen_Generation[sdk=iphoneos*]" = YES;
				"INFOPLIST_KEY_UILaunchScreen_Generation[sdk=iphonesimulator*]" = YES;
				"INFOPLIST_KEY_UIStatusBarStyle[sdk=iphoneos*]" = UIStatusBarStyleDefault;
				"INFOPLIST_KEY_UIStatusBarStyle[sdk=iphonesimulator*]" = UIStatusBarStyleDefault;
				INFOPLIST_KEY_UISupportedInterfaceOrientations_iPad = "UIInterfaceOrientationPortrait UIInterfaceOrientationPortraitUpsideDown UIInterfaceOrientationLandscapeLeft UIInterfaceOrientationLandscapeRight";
				INFOPLIST_KEY_UISupportedInterfaceOrientations_iPhone = "UIInterfaceOrientationPortrait UIInterfaceOrientationLandscapeLeft UIInterfaceOrientationLandscapeRight";
				IPHONEOS_DEPLOYMENT_TARGET = 16.5;
				LD_RUNPATH_SEARCH_PATHS = "@executable_path/Frameworks";
				"LD_RUNPATH_SEARCH_PATHS[sdk=macosx*]" = "@executable_path/../Frameworks";
				MARKETING_VERSION = 1.0;
				PRODUCT_BUNDLE_IDENTIFIER = amuz.connectSwift;
				PRODUCT_NAME = "$(TARGET_NAME)";
				SDKROOT = auto;
				SUPPORTED_PLATFORMS = "iphoneos iphonesimulator macosx";
				SWIFT_EMIT_LOC_STRINGS = YES;
				SWIFT_VERSION = 5.0;
				TARGETED_DEVICE_FAMILY = "1,2";
			};
			name = Debug;
		};
		882B35FC2BFADCB000CD36FD /* Release */ = {
			isa = XCBuildConfiguration;
			buildSettings = {
				ASSETCATALOG_COMPILER_APPICON_NAME = AppIcon;
				ASSETCATALOG_COMPILER_GLOBAL_ACCENT_COLOR_NAME = AccentColor;
				CODE_SIGN_ENTITLEMENTS = connectSwift/connectSwift.entitlements;
				CODE_SIGN_STYLE = Automatic;
				CURRENT_PROJECT_VERSION = 1;
				DEVELOPMENT_ASSET_PATHS = "\"connectSwift/Preview Content\"";
				DEVELOPMENT_TEAM = T467LT4G8H;
				ENABLE_PREVIEWS = YES;
				GENERATE_INFOPLIST_FILE = YES;
				INFOPLIST_FILE = connectSwift/Info.plist;
				INFOPLIST_KEY_CFBundleDisplayName = "";
				INFOPLIST_KEY_LSApplicationCategoryType = "";
				INFOPLIST_KEY_NSBluetoothAlwaysUsageDescription = "";
				INFOPLIST_KEY_NSBluetoothPeripheralUsageDescription = "";
				INFOPLIST_KEY_NSHumanReadableCopyright = "";
				"INFOPLIST_KEY_UIApplicationSceneManifest_Generation[sdk=iphoneos*]" = YES;
				"INFOPLIST_KEY_UIApplicationSceneManifest_Generation[sdk=iphonesimulator*]" = YES;
				"INFOPLIST_KEY_UIApplicationSupportsIndirectInputEvents[sdk=iphoneos*]" = YES;
				"INFOPLIST_KEY_UIApplicationSupportsIndirectInputEvents[sdk=iphonesimulator*]" = YES;
				"INFOPLIST_KEY_UILaunchScreen_Generation[sdk=iphoneos*]" = YES;
				"INFOPLIST_KEY_UILaunchScreen_Generation[sdk=iphonesimulator*]" = YES;
				"INFOPLIST_KEY_UIStatusBarStyle[sdk=iphoneos*]" = UIStatusBarStyleDefault;
				"INFOPLIST_KEY_UIStatusBarStyle[sdk=iphonesimulator*]" = UIStatusBarStyleDefault;
				INFOPLIST_KEY_UISupportedInterfaceOrientations_iPad = "UIInterfaceOrientationPortrait UIInterfaceOrientationPortraitUpsideDown UIInterfaceOrientationLandscapeLeft UIInterfaceOrientationLandscapeRight";
				INFOPLIST_KEY_UISupportedInterfaceOrientations_iPhone = "UIInterfaceOrientationPortrait UIInterfaceOrientationLandscapeLeft UIInterfaceOrientationLandscapeRight";
				IPHONEOS_DEPLOYMENT_TARGET = 16.5;
				LD_RUNPATH_SEARCH_PATHS = "@executable_path/Frameworks";
				"LD_RUNPATH_SEARCH_PATHS[sdk=macosx*]" = "@executable_path/../Frameworks";
				MARKETING_VERSION = 1.0;
				PRODUCT_BUNDLE_IDENTIFIER = amuz.connectSwift;
				PRODUCT_NAME = "$(TARGET_NAME)";
				SDKROOT = auto;
				SUPPORTED_PLATFORMS = "iphoneos iphonesimulator macosx";
				SWIFT_EMIT_LOC_STRINGS = YES;
				SWIFT_VERSION = 5.0;
				TARGETED_DEVICE_FAMILY = "1,2";
			};
			name = Release;
		};
		882B35FE2BFADCB000CD36FD /* Debug */ = {
			isa = XCBuildConfiguration;
			buildSettings = {
				ALWAYS_EMBED_SWIFT_STANDARD_LIBRARIES = YES;
				BUNDLE_LOADER = "$(TEST_HOST)";
				CODE_SIGN_STYLE = Automatic;
				CURRENT_PROJECT_VERSION = 1;
				GENERATE_INFOPLIST_FILE = YES;
				IPHONEOS_DEPLOYMENT_TARGET = 17.4;
				MACOSX_DEPLOYMENT_TARGET = 14.4;
				MARKETING_VERSION = 1.0;
				PRODUCT_BUNDLE_IDENTIFIER = amuz.connectSwiftTests;
				PRODUCT_NAME = "$(TARGET_NAME)";
				SDKROOT = auto;
				SUPPORTED_PLATFORMS = "iphoneos iphonesimulator macosx";
				SWIFT_EMIT_LOC_STRINGS = NO;
				SWIFT_VERSION = 5.0;
				TARGETED_DEVICE_FAMILY = "1,2";
				TEST_HOST = "$(BUILT_PRODUCTS_DIR)/connectSwift.app/$(BUNDLE_EXECUTABLE_FOLDER_PATH)/connectSwift";
			};
			name = Debug;
		};
		882B35FF2BFADCB000CD36FD /* Release */ = {
			isa = XCBuildConfiguration;
			buildSettings = {
				ALWAYS_EMBED_SWIFT_STANDARD_LIBRARIES = YES;
				BUNDLE_LOADER = "$(TEST_HOST)";
				CODE_SIGN_STYLE = Automatic;
				CURRENT_PROJECT_VERSION = 1;
				GENERATE_INFOPLIST_FILE = YES;
				IPHONEOS_DEPLOYMENT_TARGET = 17.4;
				MACOSX_DEPLOYMENT_TARGET = 14.4;
				MARKETING_VERSION = 1.0;
				PRODUCT_BUNDLE_IDENTIFIER = amuz.connectSwiftTests;
				PRODUCT_NAME = "$(TARGET_NAME)";
				SDKROOT = auto;
				SUPPORTED_PLATFORMS = "iphoneos iphonesimulator macosx";
				SWIFT_EMIT_LOC_STRINGS = NO;
				SWIFT_VERSION = 5.0;
				TARGETED_DEVICE_FAMILY = "1,2";
				TEST_HOST = "$(BUILT_PRODUCTS_DIR)/connectSwift.app/$(BUNDLE_EXECUTABLE_FOLDER_PATH)/connectSwift";
			};
			name = Release;
		};
		882B36012BFADCB000CD36FD /* Debug */ = {
			isa = XCBuildConfiguration;
			buildSettings = {
				ALWAYS_EMBED_SWIFT_STANDARD_LIBRARIES = YES;
				CODE_SIGN_STYLE = Automatic;
				CURRENT_PROJECT_VERSION = 1;
				GENERATE_INFOPLIST_FILE = YES;
				IPHONEOS_DEPLOYMENT_TARGET = 17.4;
				MACOSX_DEPLOYMENT_TARGET = 14.4;
				MARKETING_VERSION = 1.0;
				PRODUCT_BUNDLE_IDENTIFIER = amuz.connectSwiftUITests;
				PRODUCT_NAME = "$(TARGET_NAME)";
				SDKROOT = auto;
				SUPPORTED_PLATFORMS = "iphoneos iphonesimulator macosx";
				SWIFT_EMIT_LOC_STRINGS = NO;
				SWIFT_VERSION = 5.0;
				TARGETED_DEVICE_FAMILY = "1,2";
				TEST_TARGET_NAME = connectSwift;
			};
			name = Debug;
		};
		882B36022BFADCB000CD36FD /* Release */ = {
			isa = XCBuildConfiguration;
			buildSettings = {
				ALWAYS_EMBED_SWIFT_STANDARD_LIBRARIES = YES;
				CODE_SIGN_STYLE = Automatic;
				CURRENT_PROJECT_VERSION = 1;
				GENERATE_INFOPLIST_FILE = YES;
				IPHONEOS_DEPLOYMENT_TARGET = 17.4;
				MACOSX_DEPLOYMENT_TARGET = 14.4;
				MARKETING_VERSION = 1.0;
				PRODUCT_BUNDLE_IDENTIFIER = amuz.connectSwiftUITests;
				PRODUCT_NAME = "$(TARGET_NAME)";
				SDKROOT = auto;
				SUPPORTED_PLATFORMS = "iphoneos iphonesimulator macosx";
				SWIFT_EMIT_LOC_STRINGS = NO;
				SWIFT_VERSION = 5.0;
				TARGETED_DEVICE_FAMILY = "1,2";
				TEST_TARGET_NAME = connectSwift;
			};
			name = Release;
		};
/* End XCBuildConfiguration section */

/* Begin XCConfigurationList section */
		882B35D02BFADCAD00CD36FD /* Build configuration list for PBXProject "connectSwift" */ = {
			isa = XCConfigurationList;
			buildConfigurations = (
				882B35F82BFADCB000CD36FD /* Debug */,
				882B35F92BFADCB000CD36FD /* Release */,
			);
			defaultConfigurationIsVisible = 0;
			defaultConfigurationName = Release;
		};
		882B35FA2BFADCB000CD36FD /* Build configuration list for PBXNativeTarget "connectSwift" */ = {
			isa = XCConfigurationList;
			buildConfigurations = (
				882B35FB2BFADCB000CD36FD /* Debug */,
				882B35FC2BFADCB000CD36FD /* Release */,
			);
			defaultConfigurationIsVisible = 0;
			defaultConfigurationName = Release;
		};
		882B35FD2BFADCB000CD36FD /* Build configuration list for PBXNativeTarget "connectSwiftTests" */ = {
			isa = XCConfigurationList;
			buildConfigurations = (
				882B35FE2BFADCB000CD36FD /* Debug */,
				882B35FF2BFADCB000CD36FD /* Release */,
			);
			defaultConfigurationIsVisible = 0;
			defaultConfigurationName = Release;
		};
		882B36002BFADCB000CD36FD /* Build configuration list for PBXNativeTarget "connectSwiftUITests" */ = {
			isa = XCConfigurationList;
			buildConfigurations = (
				882B36012BFADCB000CD36FD /* Debug */,
				882B36022BFADCB000CD36FD /* Release */,
			);
			defaultConfigurationIsVisible = 0;
			defaultConfigurationName = Release;
		};
/* End XCConfigurationList section */
	};
	rootObject = 882B35CD2BFADCAD00CD36FD /* Project object */;
}
